
Microsoft Visual Studio Solution File, Format Version 12.00
# Visual Studio Version 17
VisualStudioVersion = 17.2.32526.322
MinimumVisualStudioVersion = 10.0.40219.1
Project("{9A19103F-16F7-4668-BE54-9A1E7A4F7556}") = "itsMYDB", "itsMYDB\itsMYDB.csproj", "{283930A6-265E-4925-A49F-7C1F4063A839}"
EndProject
Project("{FAE04EC0-301F-11D3-BF4B-00C04F79EFBC}") = "ARM", "ARM\ARM.csproj", "{1F42AA90-30E2-40F5-841E-1E6ED2921716}"
EndProject
Global
	GlobalSection(SolutionConfigurationPlatforms) = preSolution
		Debug|Any CPU = Debug|Any CPU
		Release|Any CPU = Release|Any CPU
	EndGlobalSection
	GlobalSection(ProjectConfigurationPlatforms) = postSolution
		{283930A6-265E-4925-A49F-7C1F4063A839}.Debug|Any CPU.ActiveCfg = Debug|Any CPU
		{283930A6-265E-4925-A49F-7C1F4063A839}.Debug|Any CPU.Build.0 = Debug|Any CPU
		{283930A6-265E-4925-A49F-7C1F4063A839}.Release|Any CPU.ActiveCfg = Release|Any CPU
		{283930A6-265E-4925-A49F-7C1F4063A839}.Release|Any CPU.Build.0 = Release|Any CPU
		{1F42AA90-30E2-40F5-841E-1E6ED2921716}.Debug|Any CPU.ActiveCfg = Debug|Any CPU
		{1F42AA90-30E2-40F5-841E-1E6ED2921716}.Debug|Any CPU.Build.0 = Debug|Any CPU
		{1F42AA90-30E2-40F5-841E-1E6ED2921716}.Release|Any CPU.ActiveCfg = Release|Any CPU
		{1F42AA90-30E2-40F5-841E-1E6ED2921716}.Release|Any CPU.Build.0 = Release|Any CPU
	EndGlobalSection
	GlobalSection(SolutionProperties) = preSolution
		HideSolutionNode = FALSE
	EndGlobalSection
	GlobalSection(ExtensibilityGlobals) = postSolution
		SolutionGuid = {E333BFD4-BBF4-44B8-8318-D921C17A9AAC}
	EndGlobalSection
EndGlobal
